
Microsoft Visual Studio Solution File, Format Version 12.00
# Visual Studio Version 17
VisualStudioVersion = 17.7.34221.43
MinimumVisualStudioVersion = 10.0.40219.1
Project("{9A19103F-16F7-4668-BE54-9A1E7A4F7556}") = "Hexagonal Refactoring", "Hexagonal Refactoring\Hexagonal Refactoring.csproj", "{016566FF-D0F3-45D8-96FE-F70599FC0EAC}"
EndProject
Project("{9A19103F-16F7-4668-BE54-9A1E7A4F7556}") = "Tests Hexagonal Refactoring", "Tests Hexagonal Refactoring\Tests Hexagonal Refactoring.csproj", "{D100C95E-6524-48AE-BC9C-7C694AABF868}"
EndProject
Project("{2150E333-8FDC-42A3-9474-1A3956D46DE8}") = "Solution Items", "Solution Items", "{F7129E49-7E31-42BA-9284-CD6CB4970E6F}"
	ProjectSection(SolutionItems) = preProject
		.gitignore = .gitignore
		README.md = README.md
	EndProjectSection
EndProject
Global
	GlobalSection(SolutionConfigurationPlatforms) = preSolution
		Debug|Any CPU = Debug|Any CPU
		Release|Any CPU = Release|Any CPU
	EndGlobalSection
	GlobalSection(ProjectConfigurationPlatforms) = postSolution
		{016566FF-D0F3-45D8-96FE-F70599FC0EAC}.Debug|Any CPU.ActiveCfg = Debug|Any CPU
		{016566FF-D0F3-45D8-96FE-F70599FC0EAC}.Debug|Any CPU.Build.0 = Debug|Any CPU
		{016566FF-D0F3-45D8-96FE-F70599FC0EAC}.Release|Any CPU.ActiveCfg = Release|Any CPU
		{016566FF-D0F3-45D8-96FE-F70599FC0EAC}.Release|Any CPU.Build.0 = Release|Any CPU
		{D100C95E-6524-48AE-BC9C-7C694AABF868}.Debug|Any CPU.ActiveCfg = Debug|Any CPU
		{D100C95E-6524-48AE-BC9C-7C694AABF868}.Debug|Any CPU.Build.0 = Debug|Any CPU
		{D100C95E-6524-48AE-BC9C-7C694AABF868}.Release|Any CPU.ActiveCfg = Release|Any CPU
		{D100C95E-6524-48AE-BC9C-7C694AABF868}.Release|Any CPU.Build.0 = Release|Any CPU
	EndGlobalSection
	GlobalSection(SolutionProperties) = preSolution
		HideSolutionNode = FALSE
	EndGlobalSection
	GlobalSection(ExtensibilityGlobals) = postSolution
		SolutionGuid = {CC9FE570-CF17-420B-A399-64793BB4A923}
	EndGlobalSection
EndGlobal
